
Microsoft Visual Studio Solution File, Format Version 12.00
# Visual Studio Version 16
VisualStudioVersion = 16.0.32413.511
MinimumVisualStudioVersion = 10.0.40219.1
Project("{FAE04EC0-301F-11D3-BF4B-00C04F79EFBC}") = "hafta 8.2", "hafta 8.2\hafta 8.2.csproj", "{0264D8A9-9019-4EAC-888B-84FA372B3748}"
EndProject
Project("{FAE04EC0-301F-11D3-BF4B-00C04F79EFBC}") = "ikinci form", "ikinci form\ikinci form.csproj", "{BC3B75A5-5094-41C3-9189-6967A9F0015E}"
EndProject
Global
	GlobalSection(SolutionConfigurationPlatforms) = preSolution
		Debug|Any CPU = Debug|Any CPU
		Release|Any CPU = Release|Any CPU
	EndGlobalSection
	GlobalSection(ProjectConfigurationPlatforms) = postSolution
		{0264D8A9-9019-4EAC-888B-84FA372B3748}.Debug|Any CPU.ActiveCfg = Debug|Any CPU
		{0264D8A9-9019-4EAC-888B-84FA372B3748}.Debug|Any CPU.Build.0 = Debug|Any CPU
		{0264D8A9-9019-4EAC-888B-84FA372B3748}.Release|Any CPU.ActiveCfg = Release|Any CPU
		{0264D8A9-9019-4EAC-888B-84FA372B3748}.Release|Any CPU.Build.0 = Release|Any CPU
		{BC3B75A5-5094-41C3-9189-6967A9F0015E}.Debug|Any CPU.ActiveCfg = Debug|Any CPU
		{BC3B75A5-5094-41C3-9189-6967A9F0015E}.Debug|Any CPU.Build.0 = Debug|Any CPU
		{BC3B75A5-5094-41C3-9189-6967A9F0015E}.Release|Any CPU.ActiveCfg = Release|Any CPU
		{BC3B75A5-5094-41C3-9189-6967A9F0015E}.Release|Any CPU.Build.0 = Release|Any CPU
	EndGlobalSection
	GlobalSection(SolutionProperties) = preSolution
		HideSolutionNode = FALSE
	EndGlobalSection
	GlobalSection(ExtensibilityGlobals) = postSolution
		SolutionGuid = {209F4E5E-6D8C-43BE-A587-EAC83640791C}
	EndGlobalSection
EndGlobal
