
Microsoft Visual Studio Solution File, Format Version 12.00
# Visual Studio Version 16
VisualStudioVersion = 16.0.32413.511
MinimumVisualStudioVersion = 10.0.40219.1
Project("{FAE04EC0-301F-11D3-BF4B-00C04F79EFBC}") = "bilmem kaç 5", "bilmem kaç 5.csproj", "{B92FCE53-7B03-4F0E-8403-34E2593F16C0}"
EndProject
Global
	GlobalSection(SolutionConfigurationPlatforms) = preSolution
		Debug|Any CPU = Debug|Any CPU
		Release|Any CPU = Release|Any CPU
	EndGlobalSection
	GlobalSection(ProjectConfigurationPlatforms) = postSolution
		{B92FCE53-7B03-4F0E-8403-34E2593F16C0}.Debug|Any CPU.ActiveCfg = Debug|Any CPU
		{B92FCE53-7B03-4F0E-8403-34E2593F16C0}.Debug|Any CPU.Build.0 = Debug|Any CPU
		{B92FCE53-7B03-4F0E-8403-34E2593F16C0}.Release|Any CPU.ActiveCfg = Release|Any CPU
		{B92FCE53-7B03-4F0E-8403-34E2593F16C0}.Release|Any CPU.Build.0 = Release|Any CPU
	EndGlobalSection
	GlobalSection(SolutionProperties) = preSolution
		HideSolutionNode = FALSE
	EndGlobalSection
	GlobalSection(ExtensibilityGlobals) = postSolution
		SolutionGuid = {0F2F245A-1DE1-4A69-A658-09B9B393FA40}
	EndGlobalSection
EndGlobal
