
Microsoft Visual Studio Solution File, Format Version 12.00
# Visual Studio Version 16
VisualStudioVersion = 16.0.32413.511
MinimumVisualStudioVersion = 10.0.40219.1
Project("{FAE04EC0-301F-11D3-BF4B-00C04F79EFBC}") = "hafta 5 ders 1", "hafta 5 ders 1\hafta 5 ders 1.csproj", "{834A878C-3A5F-48A4-8DBA-93CA7E203B51}"
EndProject
Global
	GlobalSection(SolutionConfigurationPlatforms) = preSolution
		Debug|Any CPU = Debug|Any CPU
		Release|Any CPU = Release|Any CPU
	EndGlobalSection
	GlobalSection(ProjectConfigurationPlatforms) = postSolution
		{834A878C-3A5F-48A4-8DBA-93CA7E203B51}.Debug|Any CPU.ActiveCfg = Debug|Any CPU
		{834A878C-3A5F-48A4-8DBA-93CA7E203B51}.Debug|Any CPU.Build.0 = Debug|Any CPU
		{834A878C-3A5F-48A4-8DBA-93CA7E203B51}.Release|Any CPU.ActiveCfg = Release|Any CPU
		{834A878C-3A5F-48A4-8DBA-93CA7E203B51}.Release|Any CPU.Build.0 = Release|Any CPU
	EndGlobalSection
	GlobalSection(SolutionProperties) = preSolution
		HideSolutionNode = FALSE
	EndGlobalSection
	GlobalSection(ExtensibilityGlobals) = postSolution
		SolutionGuid = {078D30AE-F7E9-482A-AE4A-65AD5D4FF30C}
	EndGlobalSection
EndGlobal
