
Microsoft Visual Studio Solution File, Format Version 12.00
# Visual Studio Version 16
VisualStudioVersion = 16.0.32413.511
MinimumVisualStudioVersion = 10.0.40219.1
Project("{FAE04EC0-301F-11D3-BF4B-00C04F79EFBC}") = "ders hafta4.1", "ders hafta4.1\ders hafta4.1.csproj", "{8FA7C42E-FAAB-494F-9678-0E4F80121AC1}"
EndProject
Global
	GlobalSection(SolutionConfigurationPlatforms) = preSolution
		Debug|Any CPU = Debug|Any CPU
		Release|Any CPU = Release|Any CPU
	EndGlobalSection
	GlobalSection(ProjectConfigurationPlatforms) = postSolution
		{8FA7C42E-FAAB-494F-9678-0E4F80121AC1}.Debug|Any CPU.ActiveCfg = Debug|Any CPU
		{8FA7C42E-FAAB-494F-9678-0E4F80121AC1}.Debug|Any CPU.Build.0 = Debug|Any CPU
		{8FA7C42E-FAAB-494F-9678-0E4F80121AC1}.Release|Any CPU.ActiveCfg = Release|Any CPU
		{8FA7C42E-FAAB-494F-9678-0E4F80121AC1}.Release|Any CPU.Build.0 = Release|Any CPU
	EndGlobalSection
	GlobalSection(SolutionProperties) = preSolution
		HideSolutionNode = FALSE
	EndGlobalSection
	GlobalSection(ExtensibilityGlobals) = postSolution
		SolutionGuid = {C40149CB-3F65-4C92-A0EF-91CC3E437AA6}
	EndGlobalSection
EndGlobal
