
Microsoft Visual Studio Solution File, Format Version 12.00
# Visual Studio Version 16
VisualStudioVersion = 16.0.32413.511
MinimumVisualStudioVersion = 10.0.40219.1
Project("{FAE04EC0-301F-11D3-BF4B-00C04F79EFBC}") = "WindowsFormsApp5", "WindowsFormsApp5\WindowsFormsApp5.csproj", "{8F6A8D05-CD25-4316-8D25-D6D47C468E61}"
EndProject
Global
	GlobalSection(SolutionConfigurationPlatforms) = preSolution
		Debug|Any CPU = Debug|Any CPU
		Release|Any CPU = Release|Any CPU
	EndGlobalSection
	GlobalSection(ProjectConfigurationPlatforms) = postSolution
		{8F6A8D05-CD25-4316-8D25-D6D47C468E61}.Debug|Any CPU.ActiveCfg = Debug|Any CPU
		{8F6A8D05-CD25-4316-8D25-D6D47C468E61}.Debug|Any CPU.Build.0 = Debug|Any CPU
		{8F6A8D05-CD25-4316-8D25-D6D47C468E61}.Release|Any CPU.ActiveCfg = Release|Any CPU
		{8F6A8D05-CD25-4316-8D25-D6D47C468E61}.Release|Any CPU.Build.0 = Release|Any CPU
	EndGlobalSection
	GlobalSection(SolutionProperties) = preSolution
		HideSolutionNode = FALSE
	EndGlobalSection
	GlobalSection(ExtensibilityGlobals) = postSolution
		SolutionGuid = {2447FE40-F76E-48F9-8844-AE04AF7731F6}
	EndGlobalSection
EndGlobal
