
Microsoft Visual Studio Solution File, Format Version 12.00
# Visual Studio Version 16
VisualStudioVersion = 16.0.32413.511
MinimumVisualStudioVersion = 10.0.40219.1
Project("{FAE04EC0-301F-11D3-BF4B-00C04F79EFBC}") = "hafta 8 ders 1", "hafta 8 ders 1\hafta 8 ders 1.csproj", "{D5272BB4-F0FD-485D-BD66-CFA74F702ADA}"
EndProject
Global
	GlobalSection(SolutionConfigurationPlatforms) = preSolution
		Debug|Any CPU = Debug|Any CPU
		Release|Any CPU = Release|Any CPU
	EndGlobalSection
	GlobalSection(ProjectConfigurationPlatforms) = postSolution
		{D5272BB4-F0FD-485D-BD66-CFA74F702ADA}.Debug|Any CPU.ActiveCfg = Debug|Any CPU
		{D5272BB4-F0FD-485D-BD66-CFA74F702ADA}.Debug|Any CPU.Build.0 = Debug|Any CPU
		{D5272BB4-F0FD-485D-BD66-CFA74F702ADA}.Release|Any CPU.ActiveCfg = Release|Any CPU
		{D5272BB4-F0FD-485D-BD66-CFA74F702ADA}.Release|Any CPU.Build.0 = Release|Any CPU
	EndGlobalSection
	GlobalSection(SolutionProperties) = preSolution
		HideSolutionNode = FALSE
	EndGlobalSection
	GlobalSection(ExtensibilityGlobals) = postSolution
		SolutionGuid = {AA3E6FBE-5DFE-4274-B17F-A6F2957B6A28}
	EndGlobalSection
EndGlobal
